
Microsoft Visual Studio Solution File, Format Version 12.00
# Visual Studio Version 16
VisualStudioVersion = 16.0.31229.75
MinimumVisualStudioVersion = 10.0.40219.1
Project("{FAE04EC0-301F-11D3-BF4B-00C04F79EFBC}") = "TipoCambioAPI", "TipoCambioAPI\TipoCambioAPI.csproj", "{8725D133-A2DD-44B3-BACB-D2E48D533CD1}"
EndProject
Global
	GlobalSection(SolutionConfigurationPlatforms) = preSolution
		Debug|Any CPU = Debug|Any CPU
		Release|Any CPU = Release|Any CPU
	EndGlobalSection
	GlobalSection(ProjectConfigurationPlatforms) = postSolution
		{8725D133-A2DD-44B3-BACB-D2E48D533CD1}.Debug|Any CPU.ActiveCfg = Debug|Any CPU
		{8725D133-A2DD-44B3-BACB-D2E48D533CD1}.Debug|Any CPU.Build.0 = Debug|Any CPU
		{8725D133-A2DD-44B3-BACB-D2E48D533CD1}.Release|Any CPU.ActiveCfg = Release|Any CPU
		{8725D133-A2DD-44B3-BACB-D2E48D533CD1}.Release|Any CPU.Build.0 = Release|Any CPU
	EndGlobalSection
	GlobalSection(SolutionProperties) = preSolution
		HideSolutionNode = FALSE
	EndGlobalSection
	GlobalSection(ExtensibilityGlobals) = postSolution
		SolutionGuid = {9DF8908B-E53C-4F79-8CEF-7326FFA07715}
	EndGlobalSection
EndGlobal
